
Microsoft Visual Studio Solution File, Format Version 12.00
# Visual Studio 2012
Project("{FAE04EC0-301F-11D3-BF4B-00C04F79EFBC}") = "ShareFileSnapIn", "ShareFileSnapIn\ShareFileSnapIn.csproj", "{DB7FD2E6-2884-4E66-BFD8-219C007DA4CB}"
EndProject
Project("{930C7802-8A8C-48F9-8165-68863BCCD9DD}") = "ShareFileSnapIn-Installer-x64", "ShareFileSnapIn-Installer-x64\ShareFileSnapIn-Installer-x64.wixproj", "{DE4A9E57-E80E-44D8-8E3A-DE21C39A3D3D}"
EndProject
Project("{930C7802-8A8C-48F9-8165-68863BCCD9DD}") = "ShareFileSnapIn-Installer-x32", "ShareFileSnapIn-Installer-x32\ShareFileSnapIn-Installer-x32.wixproj", "{95C5E31F-38AE-463D-B4A9-DEB5C28442A2}"
EndProject
Project("{FAE04EC0-301F-11D3-BF4B-00C04F79EFBC}") = "Test-ShareFileSnapIn", "Test-ShareFileSnapIn\Test-ShareFileSnapIn.csproj", "{95E10D74-0853-4701-A8E3-F1B391E019A0}"
EndProject
Project("{FAE04EC0-301F-11D3-BF4B-00C04F79EFBC}") = "ShareFile.Api.Client.Core-net45", "..\ShareFile-NET\Core\ShareFile.Api.Client.Core-net45.csproj", "{5ADB6950-D609-4847-A842-0BDD6CDBBFB9}"
EndProject
Global
	GlobalSection(SolutionConfigurationPlatforms) = preSolution
		BetaRelease|Any CPU = BetaRelease|Any CPU
		BetaRelease|ARM = BetaRelease|ARM
		BetaRelease|Mixed Platforms = BetaRelease|Mixed Platforms
		BetaRelease|x64 = BetaRelease|x64
		BetaRelease|x86 = BetaRelease|x86
		CD_ROM|Any CPU = CD_ROM|Any CPU
		CD_ROM|ARM = CD_ROM|ARM
		CD_ROM|Mixed Platforms = CD_ROM|Mixed Platforms
		CD_ROM|x64 = CD_ROM|x64
		CD_ROM|x86 = CD_ROM|x86
		Debug|Any CPU = Debug|Any CPU
		Debug|ARM = Debug|ARM
		Debug|Mixed Platforms = Debug|Mixed Platforms
		Debug|x64 = Debug|x64
		Debug|x86 = Debug|x86
		DVD-5|Any CPU = DVD-5|Any CPU
		DVD-5|ARM = DVD-5|ARM
		DVD-5|Mixed Platforms = DVD-5|Mixed Platforms
		DVD-5|x64 = DVD-5|x64
		DVD-5|x86 = DVD-5|x86
		Release|Any CPU = Release|Any CPU
		Release|ARM = Release|ARM
		Release|Mixed Platforms = Release|Mixed Platforms
		Release|x64 = Release|x64
		Release|x86 = Release|x86
		SingleImage|Any CPU = SingleImage|Any CPU
		SingleImage|ARM = SingleImage|ARM
		SingleImage|Mixed Platforms = SingleImage|Mixed Platforms
		SingleImage|x64 = SingleImage|x64
		SingleImage|x86 = SingleImage|x86
	EndGlobalSection
	GlobalSection(ProjectConfigurationPlatforms) = postSolution
		{DB7FD2E6-2884-4E66-BFD8-219C007DA4CB}.BetaRelease|Any CPU.ActiveCfg = Release|Any CPU
		{DB7FD2E6-2884-4E66-BFD8-219C007DA4CB}.BetaRelease|Any CPU.Build.0 = Release|Any CPU
		{DB7FD2E6-2884-4E66-BFD8-219C007DA4CB}.BetaRelease|ARM.ActiveCfg = Release|Any CPU
		{DB7FD2E6-2884-4E66-BFD8-219C007DA4CB}.BetaRelease|Mixed Platforms.ActiveCfg = Release|Any CPU
		{DB7FD2E6-2884-4E66-BFD8-219C007DA4CB}.BetaRelease|Mixed Platforms.Build.0 = Release|Any CPU
		{DB7FD2E6-2884-4E66-BFD8-219C007DA4CB}.BetaRelease|x64.ActiveCfg = Release|Any CPU
		{DB7FD2E6-2884-4E66-BFD8-219C007DA4CB}.BetaRelease|x86.ActiveCfg = Release|Any CPU
		{DB7FD2E6-2884-4E66-BFD8-219C007DA4CB}.CD_ROM|Any CPU.ActiveCfg = Debug|Any CPU
		{DB7FD2E6-2884-4E66-BFD8-219C007DA4CB}.CD_ROM|Any CPU.Build.0 = Debug|Any CPU
		{DB7FD2E6-2884-4E66-BFD8-219C007DA4CB}.CD_ROM|ARM.ActiveCfg = Debug|Any CPU
		{DB7FD2E6-2884-4E66-BFD8-219C007DA4CB}.CD_ROM|Mixed Platforms.ActiveCfg = Debug|Any CPU
		{DB7FD2E6-2884-4E66-BFD8-219C007DA4CB}.CD_ROM|Mixed Platforms.Build.0 = Debug|Any CPU
		{DB7FD2E6-2884-4E66-BFD8-219C007DA4CB}.CD_ROM|x64.ActiveCfg = Debug|Any CPU
		{DB7FD2E6-2884-4E66-BFD8-219C007DA4CB}.CD_ROM|x86.ActiveCfg = Debug|Any CPU
		{DB7FD2E6-2884-4E66-BFD8-219C007DA4CB}.Debug|Any CPU.ActiveCfg = Debug|Any CPU
		{DB7FD2E6-2884-4E66-BFD8-219C007DA4CB}.Debug|Any CPU.Build.0 = Debug|Any CPU
		{DB7FD2E6-2884-4E66-BFD8-219C007DA4CB}.Debug|ARM.ActiveCfg = Debug|Any CPU
		{DB7FD2E6-2884-4E66-BFD8-219C007DA4CB}.Debug|Mixed Platforms.ActiveCfg = Debug|Any CPU
		{DB7FD2E6-2884-4E66-BFD8-219C007DA4CB}.Debug|Mixed Platforms.Build.0 = Debug|Any CPU
		{DB7FD2E6-2884-4E66-BFD8-219C007DA4CB}.Debug|x64.ActiveCfg = Debug|Any CPU
		{DB7FD2E6-2884-4E66-BFD8-219C007DA4CB}.Debug|x86.ActiveCfg = Debug|Any CPU
		{DB7FD2E6-2884-4E66-BFD8-219C007DA4CB}.DVD-5|Any CPU.ActiveCfg = Debug|Any CPU
		{DB7FD2E6-2884-4E66-BFD8-219C007DA4CB}.DVD-5|Any CPU.Build.0 = Debug|Any CPU
		{DB7FD2E6-2884-4E66-BFD8-219C007DA4CB}.DVD-5|ARM.ActiveCfg = Debug|Any CPU
		{DB7FD2E6-2884-4E66-BFD8-219C007DA4CB}.DVD-5|Mixed Platforms.ActiveCfg = Debug|Any CPU
		{DB7FD2E6-2884-4E66-BFD8-219C007DA4CB}.DVD-5|Mixed Platforms.Build.0 = Debug|Any CPU
		{DB7FD2E6-2884-4E66-BFD8-219C007DA4CB}.DVD-5|x64.ActiveCfg = Debug|Any CPU
		{DB7FD2E6-2884-4E66-BFD8-219C007DA4CB}.DVD-5|x86.ActiveCfg = Debug|Any CPU
		{DB7FD2E6-2884-4E66-BFD8-219C007DA4CB}.Release|Any CPU.ActiveCfg = Release|Any CPU
		{DB7FD2E6-2884-4E66-BFD8-219C007DA4CB}.Release|Any CPU.Build.0 = Release|Any CPU
		{DB7FD2E6-2884-4E66-BFD8-219C007DA4CB}.Release|ARM.ActiveCfg = Release|Any CPU
		{DB7FD2E6-2884-4E66-BFD8-219C007DA4CB}.Release|Mixed Platforms.ActiveCfg = Release|Any CPU
		{DB7FD2E6-2884-4E66-BFD8-219C007DA4CB}.Release|Mixed Platforms.Build.0 = Release|Any CPU
		{DB7FD2E6-2884-4E66-BFD8-219C007DA4CB}.Release|x64.ActiveCfg = Release|Any CPU
		{DB7FD2E6-2884-4E66-BFD8-219C007DA4CB}.Release|x86.ActiveCfg = Release|Any CPU
		{DB7FD2E6-2884-4E66-BFD8-219C007DA4CB}.SingleImage|Any CPU.ActiveCfg = Debug|Any CPU
		{DB7FD2E6-2884-4E66-BFD8-219C007DA4CB}.SingleImage|Any CPU.Build.0 = Debug|Any CPU
		{DB7FD2E6-2884-4E66-BFD8-219C007DA4CB}.SingleImage|ARM.ActiveCfg = Debug|Any CPU
		{DB7FD2E6-2884-4E66-BFD8-219C007DA4CB}.SingleImage|Mixed Platforms.ActiveCfg = Debug|Any CPU
		{DB7FD2E6-2884-4E66-BFD8-219C007DA4CB}.SingleImage|Mixed Platforms.Build.0 = Debug|Any CPU
		{DB7FD2E6-2884-4E66-BFD8-219C007DA4CB}.SingleImage|x64.ActiveCfg = Debug|Any CPU
		{DB7FD2E6-2884-4E66-BFD8-219C007DA4CB}.SingleImage|x86.ActiveCfg = Debug|Any CPU
		{DE4A9E57-E80E-44D8-8E3A-DE21C39A3D3D}.BetaRelease|Any CPU.ActiveCfg = Release|x86
		{DE4A9E57-E80E-44D8-8E3A-DE21C39A3D3D}.BetaRelease|ARM.ActiveCfg = Release|x86
		{DE4A9E57-E80E-44D8-8E3A-DE21C39A3D3D}.BetaRelease|Mixed Platforms.ActiveCfg = Release|x86
		{DE4A9E57-E80E-44D8-8E3A-DE21C39A3D3D}.BetaRelease|Mixed Platforms.Build.0 = Release|x86
		{DE4A9E57-E80E-44D8-8E3A-DE21C39A3D3D}.BetaRelease|x64.ActiveCfg = Release|x86
		{DE4A9E57-E80E-44D8-8E3A-DE21C39A3D3D}.BetaRelease|x86.ActiveCfg = Release|x86
		{DE4A9E57-E80E-44D8-8E3A-DE21C39A3D3D}.BetaRelease|x86.Build.0 = Release|x86
		{DE4A9E57-E80E-44D8-8E3A-DE21C39A3D3D}.CD_ROM|Any CPU.ActiveCfg = Release|x86
		{DE4A9E57-E80E-44D8-8E3A-DE21C39A3D3D}.CD_ROM|ARM.ActiveCfg = Release|x86
		{DE4A9E57-E80E-44D8-8E3A-DE21C39A3D3D}.CD_ROM|Mixed Platforms.ActiveCfg = Release|x86
		{DE4A9E57-E80E-44D8-8E3A-DE21C39A3D3D}.CD_ROM|Mixed Platforms.Build.0 = Release|x86
		{DE4A9E57-E80E-44D8-8E3A-DE21C39A3D3D}.CD_ROM|x64.ActiveCfg = Release|x86
		{DE4A9E57-E80E-44D8-8E3A-DE21C39A3D3D}.CD_ROM|x86.ActiveCfg = Release|x86
		{DE4A9E57-E80E-44D8-8E3A-DE21C39A3D3D}.CD_ROM|x86.Build.0 = Release|x86
		{DE4A9E57-E80E-44D8-8E3A-DE21C39A3D3D}.Debug|Any CPU.ActiveCfg = Debug|x86
		{DE4A9E57-E80E-44D8-8E3A-DE21C39A3D3D}.Debug|ARM.ActiveCfg = Debug|x86
		{DE4A9E57-E80E-44D8-8E3A-DE21C39A3D3D}.Debug|Mixed Platforms.ActiveCfg = Debug|x86
		{DE4A9E57-E80E-44D8-8E3A-DE21C39A3D3D}.Debug|Mixed Platforms.Build.0 = Debug|x86
		{DE4A9E57-E80E-44D8-8E3A-DE21C39A3D3D}.Debug|x64.ActiveCfg = Debug|x86
		{DE4A9E57-E80E-44D8-8E3A-DE21C39A3D3D}.Debug|x86.ActiveCfg = Debug|x86
		{DE4A9E57-E80E-44D8-8E3A-DE21C39A3D3D}.Debug|x86.Build.0 = Debug|x86
		{DE4A9E57-E80E-44D8-8E3A-DE21C39A3D3D}.DVD-5|Any CPU.ActiveCfg = Debug|x86
		{DE4A9E57-E80E-44D8-8E3A-DE21C39A3D3D}.DVD-5|ARM.ActiveCfg = Debug|x86
		{DE4A9E57-E80E-44D8-8E3A-DE21C39A3D3D}.DVD-5|Mixed Platforms.ActiveCfg = Debug|x86
		{DE4A9E57-E80E-44D8-8E3A-DE21C39A3D3D}.DVD-5|Mixed Platforms.Build.0 = Debug|x86
		{DE4A9E57-E80E-44D8-8E3A-DE21C39A3D3D}.DVD-5|x64.ActiveCfg = Debug|x86
		{DE4A9E57-E80E-44D8-8E3A-DE21C39A3D3D}.DVD-5|x86.ActiveCfg = Debug|x86
		{DE4A9E57-E80E-44D8-8E3A-DE21C39A3D3D}.DVD-5|x86.Build.0 = Debug|x86
		{DE4A9E57-E80E-44D8-8E3A-DE21C39A3D3D}.Release|Any CPU.ActiveCfg = Release|x86
		{DE4A9E57-E80E-44D8-8E3A-DE21C39A3D3D}.Release|ARM.ActiveCfg = Release|x86
		{DE4A9E57-E80E-44D8-8E3A-DE21C39A3D3D}.Release|Mixed Platforms.ActiveCfg = Release|x86
		{DE4A9E57-E80E-44D8-8E3A-DE21C39A3D3D}.Release|Mixed Platforms.Build.0 = Release|x86
		{DE4A9E57-E80E-44D8-8E3A-DE21C39A3D3D}.Release|x64.ActiveCfg = Release|x86
		{DE4A9E57-E80E-44D8-8E3A-DE21C39A3D3D}.Release|x86.ActiveCfg = Release|x86
		{DE4A9E57-E80E-44D8-8E3A-DE21C39A3D3D}.Release|x86.Build.0 = Release|x86
		{DE4A9E57-E80E-44D8-8E3A-DE21C39A3D3D}.SingleImage|Any CPU.ActiveCfg = Release|x86
		{DE4A9E57-E80E-44D8-8E3A-DE21C39A3D3D}.SingleImage|ARM.ActiveCfg = Release|x86
		{DE4A9E57-E80E-44D8-8E3A-DE21C39A3D3D}.SingleImage|Mixed Platforms.ActiveCfg = Release|x86
		{DE4A9E57-E80E-44D8-8E3A-DE21C39A3D3D}.SingleImage|Mixed Platforms.Build.0 = Release|x86
		{DE4A9E57-E80E-44D8-8E3A-DE21C39A3D3D}.SingleImage|x64.ActiveCfg = Release|x86
		{DE4A9E57-E80E-44D8-8E3A-DE21C39A3D3D}.SingleImage|x86.ActiveCfg = Release|x86
		{DE4A9E57-E80E-44D8-8E3A-DE21C39A3D3D}.SingleImage|x86.Build.0 = Release|x86
		{95C5E31F-38AE-463D-B4A9-DEB5C28442A2}.BetaRelease|Any CPU.ActiveCfg = Release|x86
		{95C5E31F-38AE-463D-B4A9-DEB5C28442A2}.BetaRelease|ARM.ActiveCfg = Release|x86
		{95C5E31F-38AE-463D-B4A9-DEB5C28442A2}.BetaRelease|Mixed Platforms.ActiveCfg = Release|x86
		{95C5E31F-38AE-463D-B4A9-DEB5C28442A2}.BetaRelease|Mixed Platforms.Build.0 = Release|x86
		{95C5E31F-38AE-463D-B4A9-DEB5C28442A2}.BetaRelease|x64.ActiveCfg = Release|x86
		{95C5E31F-38AE-463D-B4A9-DEB5C28442A2}.BetaRelease|x86.ActiveCfg = Release|x86
		{95C5E31F-38AE-463D-B4A9-DEB5C28442A2}.BetaRelease|x86.Build.0 = Release|x86
		{95C5E31F-38AE-463D-B4A9-DEB5C28442A2}.CD_ROM|Any CPU.ActiveCfg = Release|x86
		{95C5E31F-38AE-463D-B4A9-DEB5C28442A2}.CD_ROM|ARM.ActiveCfg = Release|x86
		{95C5E31F-38AE-463D-B4A9-DEB5C28442A2}.CD_ROM|Mixed Platforms.ActiveCfg = Release|x86
		{95C5E31F-38AE-463D-B4A9-DEB5C28442A2}.CD_ROM|Mixed Platforms.Build.0 = Release|x86
		{95C5E31F-38AE-463D-B4A9-DEB5C28442A2}.CD_ROM|x64.ActiveCfg = Release|x86
		{95C5E31F-38AE-463D-B4A9-DEB5C28442A2}.CD_ROM|x86.ActiveCfg = Release|x86
		{95C5E31F-38AE-463D-B4A9-DEB5C28442A2}.CD_ROM|x86.Build.0 = Release|x86
		{95C5E31F-38AE-463D-B4A9-DEB5C28442A2}.Debug|Any CPU.ActiveCfg = Debug|x86
		{95C5E31F-38AE-463D-B4A9-DEB5C28442A2}.Debug|ARM.ActiveCfg = Debug|x86
		{95C5E31F-38AE-463D-B4A9-DEB5C28442A2}.Debug|Mixed Platforms.ActiveCfg = Debug|x86
		{95C5E31F-38AE-463D-B4A9-DEB5C28442A2}.Debug|Mixed Platforms.Build.0 = Debug|x86
		{95C5E31F-38AE-463D-B4A9-DEB5C28442A2}.Debug|x64.ActiveCfg = Debug|x86
		{95C5E31F-38AE-463D-B4A9-DEB5C28442A2}.Debug|x86.ActiveCfg = Debug|x86
		{95C5E31F-38AE-463D-B4A9-DEB5C28442A2}.Debug|x86.Build.0 = Debug|x86
		{95C5E31F-38AE-463D-B4A9-DEB5C28442A2}.DVD-5|Any CPU.ActiveCfg = Debug|x86
		{95C5E31F-38AE-463D-B4A9-DEB5C28442A2}.DVD-5|ARM.ActiveCfg = Debug|x86
		{95C5E31F-38AE-463D-B4A9-DEB5C28442A2}.DVD-5|Mixed Platforms.ActiveCfg = Debug|x86
		{95C5E31F-38AE-463D-B4A9-DEB5C28442A2}.DVD-5|Mixed Platforms.Build.0 = Debug|x86
		{95C5E31F-38AE-463D-B4A9-DEB5C28442A2}.DVD-5|x64.ActiveCfg = Debug|x86
		{95C5E31F-38AE-463D-B4A9-DEB5C28442A2}.DVD-5|x86.ActiveCfg = Debug|x86
		{95C5E31F-38AE-463D-B4A9-DEB5C28442A2}.DVD-5|x86.Build.0 = Debug|x86
		{95C5E31F-38AE-463D-B4A9-DEB5C28442A2}.Release|Any CPU.ActiveCfg = Release|x86
		{95C5E31F-38AE-463D-B4A9-DEB5C28442A2}.Release|ARM.ActiveCfg = Release|x86
		{95C5E31F-38AE-463D-B4A9-DEB5C28442A2}.Release|Mixed Platforms.ActiveCfg = Release|x86
		{95C5E31F-38AE-463D-B4A9-DEB5C28442A2}.Release|Mixed Platforms.Build.0 = Release|x86
		{95C5E31F-38AE-463D-B4A9-DEB5C28442A2}.Release|x64.ActiveCfg = Release|x86
		{95C5E31F-38AE-463D-B4A9-DEB5C28442A2}.Release|x86.ActiveCfg = Release|x86
		{95C5E31F-38AE-463D-B4A9-DEB5C28442A2}.Release|x86.Build.0 = Release|x86
		{95C5E31F-38AE-463D-B4A9-DEB5C28442A2}.SingleImage|Any CPU.ActiveCfg = Release|x86
		{95C5E31F-38AE-463D-B4A9-DEB5C28442A2}.SingleImage|ARM.ActiveCfg = Release|x86
		{95C5E31F-38AE-463D-B4A9-DEB5C28442A2}.SingleImage|Mixed Platforms.ActiveCfg = Release|x86
		{95C5E31F-38AE-463D-B4A9-DEB5C28442A2}.SingleImage|Mixed Platforms.Build.0 = Release|x86
		{95C5E31F-38AE-463D-B4A9-DEB5C28442A2}.SingleImage|x64.ActiveCfg = Release|x86
		{95C5E31F-38AE-463D-B4A9-DEB5C28442A2}.SingleImage|x86.ActiveCfg = Release|x86
		{95C5E31F-38AE-463D-B4A9-DEB5C28442A2}.SingleImage|x86.Build.0 = Release|x86
		{95E10D74-0853-4701-A8E3-F1B391E019A0}.BetaRelease|Any CPU.ActiveCfg = Release|Any CPU
		{95E10D74-0853-4701-A8E3-F1B391E019A0}.BetaRelease|Any CPU.Build.0 = Release|Any CPU
		{95E10D74-0853-4701-A8E3-F1B391E019A0}.BetaRelease|ARM.ActiveCfg = Release|Any CPU
		{95E10D74-0853-4701-A8E3-F1B391E019A0}.BetaRelease|Mixed Platforms.ActiveCfg = Release|Any CPU
		{95E10D74-0853-4701-A8E3-F1B391E019A0}.BetaRelease|Mixed Platforms.Build.0 = Release|Any CPU
		{95E10D74-0853-4701-A8E3-F1B391E019A0}.BetaRelease|x64.ActiveCfg = Release|Any CPU
		{95E10D74-0853-4701-A8E3-F1B391E019A0}.BetaRelease|x86.ActiveCfg = Release|Any CPU
		{95E10D74-0853-4701-A8E3-F1B391E019A0}.CD_ROM|Any CPU.ActiveCfg = Release|Any CPU
		{95E10D74-0853-4701-A8E3-F1B391E019A0}.CD_ROM|Any CPU.Build.0 = Release|Any CPU
		{95E10D74-0853-4701-A8E3-F1B391E019A0}.CD_ROM|ARM.ActiveCfg = Release|Any CPU
		{95E10D74-0853-4701-A8E3-F1B391E019A0}.CD_ROM|Mixed Platforms.ActiveCfg = Release|Any CPU
		{95E10D74-0853-4701-A8E3-F1B391E019A0}.CD_ROM|Mixed Platforms.Build.0 = Release|Any CPU
		{95E10D74-0853-4701-A8E3-F1B391E019A0}.CD_ROM|x64.ActiveCfg = Release|Any CPU
		{95E10D74-0853-4701-A8E3-F1B391E019A0}.CD_ROM|x86.ActiveCfg = Release|Any CPU
		{95E10D74-0853-4701-A8E3-F1B391E019A0}.Debug|Any CPU.ActiveCfg = Debug|Any CPU
		{95E10D74-0853-4701-A8E3-F1B391E019A0}.Debug|Any CPU.Build.0 = Debug|Any CPU
		{95E10D74-0853-4701-A8E3-F1B391E019A0}.Debug|ARM.ActiveCfg = Debug|Any CPU
		{95E10D74-0853-4701-A8E3-F1B391E019A0}.Debug|Mixed Platforms.ActiveCfg = Debug|Any CPU
		{95E10D74-0853-4701-A8E3-F1B391E019A0}.Debug|Mixed Platforms.Build.0 = Debug|Any CPU
		{95E10D74-0853-4701-A8E3-F1B391E019A0}.Debug|x64.ActiveCfg = Debug|Any CPU
		{95E10D74-0853-4701-A8E3-F1B391E019A0}.Debug|x86.ActiveCfg = Debug|Any CPU
		{95E10D74-0853-4701-A8E3-F1B391E019A0}.DVD-5|Any CPU.ActiveCfg = Debug|Any CPU
		{95E10D74-0853-4701-A8E3-F1B391E019A0}.DVD-5|Any CPU.Build.0 = Debug|Any CPU
		{95E10D74-0853-4701-A8E3-F1B391E019A0}.DVD-5|ARM.ActiveCfg = Debug|Any CPU
		{95E10D74-0853-4701-A8E3-F1B391E019A0}.DVD-5|Mixed Platforms.ActiveCfg = Debug|Any CPU
		{95E10D74-0853-4701-A8E3-F1B391E019A0}.DVD-5|Mixed Platforms.Build.0 = Debug|Any CPU
		{95E10D74-0853-4701-A8E3-F1B391E019A0}.DVD-5|x64.ActiveCfg = Debug|Any CPU
		{95E10D74-0853-4701-A8E3-F1B391E019A0}.DVD-5|x86.ActiveCfg = Debug|Any CPU
		{95E10D74-0853-4701-A8E3-F1B391E019A0}.Release|Any CPU.ActiveCfg = Release|Any CPU
		{95E10D74-0853-4701-A8E3-F1B391E019A0}.Release|Any CPU.Build.0 = Release|Any CPU
		{95E10D74-0853-4701-A8E3-F1B391E019A0}.Release|ARM.ActiveCfg = Release|Any CPU
		{95E10D74-0853-4701-A8E3-F1B391E019A0}.Release|Mixed Platforms.ActiveCfg = Release|Any CPU
		{95E10D74-0853-4701-A8E3-F1B391E019A0}.Release|Mixed Platforms.Build.0 = Release|Any CPU
		{95E10D74-0853-4701-A8E3-F1B391E019A0}.Release|x64.ActiveCfg = Release|Any CPU
		{95E10D74-0853-4701-A8E3-F1B391E019A0}.Release|x86.ActiveCfg = Release|Any CPU
		{95E10D74-0853-4701-A8E3-F1B391E019A0}.SingleImage|Any CPU.ActiveCfg = Release|Any CPU
		{95E10D74-0853-4701-A8E3-F1B391E019A0}.SingleImage|Any CPU.Build.0 = Release|Any CPU
		{95E10D74-0853-4701-A8E3-F1B391E019A0}.SingleImage|ARM.ActiveCfg = Release|Any CPU
		{95E10D74-0853-4701-A8E3-F1B391E019A0}.SingleImage|Mixed Platforms.ActiveCfg = Release|Any CPU
		{95E10D74-0853-4701-A8E3-F1B391E019A0}.SingleImage|Mixed Platforms.Build.0 = Release|Any CPU
		{95E10D74-0853-4701-A8E3-F1B391E019A0}.SingleImage|x64.ActiveCfg = Release|Any CPU
		{95E10D74-0853-4701-A8E3-F1B391E019A0}.SingleImage|x86.ActiveCfg = Release|Any CPU
		{5ADB6950-D609-4847-A842-0BDD6CDBBFB9}.BetaRelease|Any CPU.ActiveCfg = Release|Any CPU
		{5ADB6950-D609-4847-A842-0BDD6CDBBFB9}.BetaRelease|Any CPU.Build.0 = Release|Any CPU
		{5ADB6950-D609-4847-A842-0BDD6CDBBFB9}.BetaRelease|ARM.ActiveCfg = Release|Any CPU
		{5ADB6950-D609-4847-A842-0BDD6CDBBFB9}.BetaRelease|Mixed Platforms.ActiveCfg = Release|Any CPU
		{5ADB6950-D609-4847-A842-0BDD6CDBBFB9}.BetaRelease|Mixed Platforms.Build.0 = Release|Any CPU
		{5ADB6950-D609-4847-A842-0BDD6CDBBFB9}.BetaRelease|x64.ActiveCfg = Release|Any CPU
		{5ADB6950-D609-4847-A842-0BDD6CDBBFB9}.BetaRelease|x86.ActiveCfg = Release|Any CPU
		{5ADB6950-D609-4847-A842-0BDD6CDBBFB9}.CD_ROM|Any CPU.ActiveCfg = Release|Any CPU
		{5ADB6950-D609-4847-A842-0BDD6CDBBFB9}.CD_ROM|Any CPU.Build.0 = Release|Any CPU
		{5ADB6950-D609-4847-A842-0BDD6CDBBFB9}.CD_ROM|ARM.ActiveCfg = Release|Any CPU
		{5ADB6950-D609-4847-A842-0BDD6CDBBFB9}.CD_ROM|Mixed Platforms.ActiveCfg = Release|Any CPU
		{5ADB6950-D609-4847-A842-0BDD6CDBBFB9}.CD_ROM|Mixed Platforms.Build.0 = Release|Any CPU
		{5ADB6950-D609-4847-A842-0BDD6CDBBFB9}.CD_ROM|x64.ActiveCfg = Release|Any CPU
		{5ADB6950-D609-4847-A842-0BDD6CDBBFB9}.CD_ROM|x86.ActiveCfg = Release|Any CPU
		{5ADB6950-D609-4847-A842-0BDD6CDBBFB9}.Debug|Any CPU.ActiveCfg = Debug|Any CPU
		{5ADB6950-D609-4847-A842-0BDD6CDBBFB9}.Debug|Any CPU.Build.0 = Debug|Any CPU
		{5ADB6950-D609-4847-A842-0BDD6CDBBFB9}.Debug|ARM.ActiveCfg = Debug|Any CPU
		{5ADB6950-D609-4847-A842-0BDD6CDBBFB9}.Debug|Mixed Platforms.ActiveCfg = Debug|Any CPU
		{5ADB6950-D609-4847-A842-0BDD6CDBBFB9}.Debug|Mixed Platforms.Build.0 = Debug|Any CPU
		{5ADB6950-D609-4847-A842-0BDD6CDBBFB9}.Debug|x64.ActiveCfg = Debug|Any CPU
		{5ADB6950-D609-4847-A842-0BDD6CDBBFB9}.Debug|x86.ActiveCfg = Debug|Any CPU
		{5ADB6950-D609-4847-A842-0BDD6CDBBFB9}.DVD-5|Any CPU.ActiveCfg = Debug|Any CPU
		{5ADB6950-D609-4847-A842-0BDD6CDBBFB9}.DVD-5|Any CPU.Build.0 = Debug|Any CPU
		{5ADB6950-D609-4847-A842-0BDD6CDBBFB9}.DVD-5|ARM.ActiveCfg = Debug|Any CPU
		{5ADB6950-D609-4847-A842-0BDD6CDBBFB9}.DVD-5|Mixed Platforms.ActiveCfg = Debug|Any CPU
		{5ADB6950-D609-4847-A842-0BDD6CDBBFB9}.DVD-5|Mixed Platforms.Build.0 = Debug|Any CPU
		{5ADB6950-D609-4847-A842-0BDD6CDBBFB9}.DVD-5|x64.ActiveCfg = Debug|Any CPU
		{5ADB6950-D609-4847-A842-0BDD6CDBBFB9}.DVD-5|x86.ActiveCfg = Debug|Any CPU
		{5ADB6950-D609-4847-A842-0BDD6CDBBFB9}.Release|Any CPU.ActiveCfg = Release|Any CPU
		{5ADB6950-D609-4847-A842-0BDD6CDBBFB9}.Release|Any CPU.Build.0 = Release|Any CPU
		{5ADB6950-D609-4847-A842-0BDD6CDBBFB9}.Release|ARM.ActiveCfg = Release|Any CPU
		{5ADB6950-D609-4847-A842-0BDD6CDBBFB9}.Release|Mixed Platforms.ActiveCfg = Release|Any CPU
		{5ADB6950-D609-4847-A842-0BDD6CDBBFB9}.Release|Mixed Platforms.Build.0 = Release|Any CPU
		{5ADB6950-D609-4847-A842-0BDD6CDBBFB9}.Release|x64.ActiveCfg = Release|Any CPU
		{5ADB6950-D609-4847-A842-0BDD6CDBBFB9}.Release|x86.ActiveCfg = Release|Any CPU
		{5ADB6950-D609-4847-A842-0BDD6CDBBFB9}.SingleImage|Any CPU.ActiveCfg = Release|Any CPU
		{5ADB6950-D609-4847-A842-0BDD6CDBBFB9}.SingleImage|Any CPU.Build.0 = Release|Any CPU
		{5ADB6950-D609-4847-A842-0BDD6CDBBFB9}.SingleImage|ARM.ActiveCfg = Release|Any CPU
		{5ADB6950-D609-4847-A842-0BDD6CDBBFB9}.SingleImage|Mixed Platforms.ActiveCfg = Release|Any CPU
		{5ADB6950-D609-4847-A842-0BDD6CDBBFB9}.SingleImage|Mixed Platforms.Build.0 = Release|Any CPU
		{5ADB6950-D609-4847-A842-0BDD6CDBBFB9}.SingleImage|x64.ActiveCfg = Release|Any CPU
		{5ADB6950-D609-4847-A842-0BDD6CDBBFB9}.SingleImage|x86.ActiveCfg = Release|Any CPU
	EndGlobalSection
	GlobalSection(SolutionProperties) = preSolution
		HideSolutionNode = FALSE
	EndGlobalSection
EndGlobal
